// !$*UTF8*$!
{
	archiveVersion = 1;
	classes = {
	};
	objectVersion = 46;
	objects = {

/* Begin PBXBuildFile section */
		185D05C42606151000DA0BEF /* zh-Hans.lproj in Resources */ = {isa = PBXBuildFile; fileRef = 185D05C22606151000DA0BEF /* zh-Hans.lproj */; };
		185D05C52606151000DA0BEF /* en.lproj in Resources */ = {isa = PBXBuildFile; fileRef = 185D05C32606151000DA0BEF /* en.lproj */; };
		185D05C9260615D200DA0BEF /* GDEnvConfig.swift in Sources */ = {isa = PBXBuildFile; fileRef = 185D05C8260615D200DA0BEF /* GDEnvConfig.swift */; };
		185D05F22606219B00DA0BEF /* image in Resources */ = {isa = PBXBuildFile; fileRef = 185D05F12606219B00DA0BEF /* image */; };
		185D05FD2606285500DA0BEF /* GDBaseViewController.swift in Sources */ = {isa = PBXBuildFile; fileRef = 185D05FC2606285500DA0BEF /* GDBaseViewController.swift */; };
		185D06032606286F00DA0BEF /* GDBaseNavigationController.swift in Sources */ = {isa = PBXBuildFile; fileRef = 185D06022606286F00DA0BEF /* GDBaseNavigationController.swift */; };
		185D062626062D5800DA0BEF /* GDPhotoData.swift in Sources */ = {isa = PBXBuildFile; fileRef = 185D060B26062D5800DA0BEF /* GDPhotoData.swift */; };
		185D062726062D5800DA0BEF /* GDProgressView.swift in Sources */ = {isa = PBXBuildFile; fileRef = 185D060D26062D5800DA0BEF /* GDProgressView.swift */; };
		185D062826062D5800DA0BEF /* GDPreviewCollectionViewCell.swift in Sources */ = {isa = PBXBuildFile; fileRef = 185D060E26062D5800DA0BEF /* GDPreviewCollectionViewCell.swift */; };
		185D062926062D5800DA0BEF /* GDPhotoCollectionViewCell.swift in Sources */ = {isa = PBXBuildFile; fileRef = 185D060F26062D5800DA0BEF /* GDPhotoCollectionViewCell.swift */; };
		185D063226062D5800DA0BEF /* GDPhotoAlbumListViewController.swift in Sources */ = {isa = PBXBuildFile; fileRef = 185D061A26062D5800DA0BEF /* GDPhotoAlbumListViewController.swift */; };
		185D063326062D5800DA0BEF /* GDPhotoAlbumViewController.swift in Sources */ = {isa = PBXBuildFile; fileRef = 185D061B26062D5800DA0BEF /* GDPhotoAlbumViewController.swift */; };
		185D063426062D5800DA0BEF /* GDPhotoClipViewController.swift in Sources */ = {isa = PBXBuildFile; fileRef = 185D061C26062D5800DA0BEF /* GDPhotoClipViewController.swift */; };
		185D063526062D5800DA0BEF /* GDPhotoPreviewDeleteViewController.swift in Sources */ = {isa = PBXBuildFile; fileRef = 185D061D26062D5800DA0BEF /* GDPhotoPreviewDeleteViewController.swift */; };
		185D063626062D5800DA0BEF /* GDPhotoNavigationViewController.swift in Sources */ = {isa = PBXBuildFile; fileRef = 185D061E26062D5800DA0BEF /* GDPhotoNavigationViewController.swift */; };
		185D063726062D5800DA0BEF /* GDPhotoBaseViewController.swift in Sources */ = {isa = PBXBuildFile; fileRef = 185D061F26062D5800DA0BEF /* GDPhotoBaseViewController.swift */; };
		185D063826062D5800DA0BEF /* GDPhotoPreviewViewController.swift in Sources */ = {isa = PBXBuildFile; fileRef = 185D062026062D5800DA0BEF /* GDPhotoPreviewViewController.swift */; };
		185D063926062D5800DA0BEF /* GDCachingImageManager.swift in Sources */ = {isa = PBXBuildFile; fileRef = 185D062126062D5800DA0BEF /* GDCachingImageManager.swift */; };
		18736D0E2606E8F800206170 /* UIApplication+Extension.swift in Sources */ = {isa = PBXBuildFile; fileRef = 18736D0D2606E8F800206170 /* UIApplication+Extension.swift */; };
		18736D122606E95500206170 /* GDCache.swift in Sources */ = {isa = PBXBuildFile; fileRef = 18736D112606E95500206170 /* GDCache.swift */; };
		18736D162606E9A700206170 /* GDCacheable.swift in Sources */ = {isa = PBXBuildFile; fileRef = 18736D152606E9A700206170 /* GDCacheable.swift */; };
		18736D1E2606F2CD00206170 /* Protected.swift in Sources */ = {isa = PBXBuildFile; fileRef = 18736D1D2606F2CD00206170 /* Protected.swift */; };
		18736D2226071A4A00206170 /* Array+Extension.swift in Sources */ = {isa = PBXBuildFile; fileRef = 18736D2126071A4A00206170 /* Array+Extension.swift */; };
		18736D2626071A5900206170 /* CharacterSet+Extension.swift in Sources */ = {isa = PBXBuildFile; fileRef = 18736D2526071A5900206170 /* CharacterSet+Extension.swift */; };
		18736D5926074A8700206170 /* GDParameterEncoding.swift in Sources */ = {isa = PBXBuildFile; fileRef = 18736D4526071F6500206170 /* GDParameterEncoding.swift */; };
		18736D5F26074BF900206170 /* NSNumber+Extension.swift in Sources */ = {isa = PBXBuildFile; fileRef = 18736D5E26074BF900206170 /* NSNumber+Extension.swift */; };
		18736D732607539200206170 /* UIEdgeInsets+Extension.swift in Sources */ = {isa = PBXBuildFile; fileRef = 18736D722607539200206170 /* UIEdgeInsets+Extension.swift */; };
		18736DC22607593300206170 /* GDNavigator.swift in Sources */ = {isa = PBXBuildFile; fileRef = 18736DC12607593300206170 /* GDNavigator.swift */; };
		18736DD026075A4100206170 /* GDWebViewController.swift in Sources */ = {isa = PBXBuildFile; fileRef = 18736DCF26075A4100206170 /* GDWebViewController.swift */; };
		18736DDB26075BD600206170 /* Foundation+Extension.swift in Sources */ = {isa = PBXBuildFile; fileRef = 18736DDA26075BD600206170 /* Foundation+Extension.swift */; };
		188862642606321800863269 /* UIImage+Extension.swift in Sources */ = {isa = PBXBuildFile; fileRef = 188862632606321800863269 /* UIImage+Extension.swift */; };
		18886268260632AA00863269 /* UIImageView+Extension.swift in Sources */ = {isa = PBXBuildFile; fileRef = 18886267260632AA00863269 /* UIImageView+Extension.swift */; };
		188862702606336600863269 /* GDCommonTools.swift in Sources */ = {isa = PBXBuildFile; fileRef = 1888626F2606336600863269 /* GDCommonTools.swift */; };
		188862752606362000863269 /* Logger.swift in Sources */ = {isa = PBXBuildFile; fileRef = 18FDC9A82602309C00840378 /* Logger.swift */; };
		1888627B260642C000863269 /* UIColor+Extension.swift in Sources */ = {isa = PBXBuildFile; fileRef = 1888627A260642C000863269 /* UIColor+Extension.swift */; };
		188862812606447600863269 /* CALayer+Extension.swift in Sources */ = {isa = PBXBuildFile; fileRef = 188862802606447600863269 /* CALayer+Extension.swift */; };
		188862852606454D00863269 /* GDFakeNavigationBar.swift in Sources */ = {isa = PBXBuildFile; fileRef = 188862842606454D00863269 /* GDFakeNavigationBar.swift */; };
		188862892606469800863269 /* GDCapturePhotoBaseViewController.swift in Sources */ = {isa = PBXBuildFile; fileRef = 188862882606469800863269 /* GDCapturePhotoBaseViewController.swift */; };
		1888629A2606BD6A00863269 /* PhotoDemoViewController.swift in Sources */ = {isa = PBXBuildFile; fileRef = 188862922606BD3A00863269 /* PhotoDemoViewController.swift */; };
		1888629E2606C65800863269 /* UIButton+Extension.swift in Sources */ = {isa = PBXBuildFile; fileRef = 1888629D2606C65800863269 /* UIButton+Extension.swift */; };
		188862A22606C74800863269 /* GDBaseView.swift in Sources */ = {isa = PBXBuildFile; fileRef = 188862A12606C74800863269 /* GDBaseView.swift */; };
		188862A62606CBFC00863269 /* UIViewController+Extension.swift in Sources */ = {isa = PBXBuildFile; fileRef = 188862A52606CBFC00863269 /* UIViewController+Extension.swift */; };
		189956E126081E10008834D6 /* CoreServices.framework in Frameworks */ = {isa = PBXBuildFile; fileRef = 189956E026081E10008834D6 /* CoreServices.framework */; };
		189956E326081E16008834D6 /* UIKit.framework in Frameworks */ = {isa = PBXBuildFile; fileRef = 189956E226081E16008834D6 /* UIKit.framework */; };
		189956E526081E1B008834D6 /* AVFoundation.framework in Frameworks */ = {isa = PBXBuildFile; fileRef = 189956E426081E1B008834D6 /* AVFoundation.framework */; };
		18A516212602EAF900425CC6 /* GD.generated.swift in Sources */ = {isa = PBXBuildFile; fileRef = 18A516202602EAF800425CC6 /* GD.generated.swift */; };
		18FDC97E26022F4500840378 /* GDSwift.h in Headers */ = {isa = PBXBuildFile; fileRef = 18FDC97C26022F4400840378 /* GDSwift.h */; settings = {ATTRIBUTES = (Public, ); }; };
		18FDC9AD2602309C00840378 /* LaunchScreen.xib in Resources */ = {isa = PBXBuildFile; fileRef = 18FDC9A12602309C00840378 /* LaunchScreen.xib */; };
		18FDC9AE2602309C00840378 /* Main.storyboard in Resources */ = {isa = PBXBuildFile; fileRef = 18FDC9A32602309C00840378 /* Main.storyboard */; };
		18FDC9AF2602309C00840378 /* Images.xcassets in Resources */ = {isa = PBXBuildFile; fileRef = 18FDC9A52602309C00840378 /* Images.xcassets */; };
		18FDC9B02602309C00840378 /* AppDelegate.swift in Sources */ = {isa = PBXBuildFile; fileRef = 18FDC9A62602309C00840378 /* AppDelegate.swift */; };
		18FDC9B22602309C00840378 /* ViewController.swift in Sources */ = {isa = PBXBuildFile; fileRef = 18FDC9AA2602309C00840378 /* ViewController.swift */; };
		18FDC9B32602309C00840378 /* BaseViewController.swift in Sources */ = {isa = PBXBuildFile; fileRef = 18FDC9AB2602309C00840378 /* BaseViewController.swift */; };
		18FDCA432602410300840378 /* UIView+Extension.swift in Sources */ = {isa = PBXBuildFile; fileRef = 18FDCA422602410300840378 /* UIView+Extension.swift */; };
		18FDCA4A2602411200840378 /* UILabel+Extension.swift in Sources */ = {isa = PBXBuildFile; fileRef = 18FDCA492602411200840378 /* UILabel+Extension.swift */; };
		18FDCA4E2602412300840378 /* UITextfield+Extension.swift in Sources */ = {isa = PBXBuildFile; fileRef = 18FDCA4D2602412300840378 /* UITextfield+Extension.swift */; };
		18FDCA522602413600840378 /* GDTheme.swift in Sources */ = {isa = PBXBuildFile; fileRef = 18FDCA512602413600840378 /* GDTheme.swift */; };
		18FDCA562602415C00840378 /* GDLanguageLocalize.swift in Sources */ = {isa = PBXBuildFile; fileRef = 18FDCA552602415C00840378 /* GDLanguageLocalize.swift */; };
		18FDCA5A2602416F00840378 /* GDConstantAndMacro.swift in Sources */ = {isa = PBXBuildFile; fileRef = 18FDCA592602416F00840378 /* GDConstantAndMacro.swift */; };
		18FDCA62260241A200840378 /* GDSecurityTools.swift in Sources */ = {isa = PBXBuildFile; fileRef = 18FDCA61260241A200840378 /* GDSecurityTools.swift */; };
		18FDCA66260241CD00840378 /* String+Extension.swift in Sources */ = {isa = PBXBuildFile; fileRef = 18FDCA65260241CD00840378 /* String+Extension.swift */; };
		18FDCA742602426200840378 /* GDPopView.swift in Sources */ = {isa = PBXBuildFile; fileRef = 18FDCA732602426200840378 /* GDPopView.swift */; };
		18FDCA982602521800840378 /* GDSwift_Tests.swift in Sources */ = {isa = PBXBuildFile; fileRef = 18FDCA972602521800840378 /* GDSwift_Tests.swift */; };
		18FDCA9A2602521800840378 /* GDSwift.framework in Frameworks */ = {isa = PBXBuildFile; fileRef = FD846F6E2233AF970038A715 /* GDSwift.framework */; };
		4A665B8EC711CFF5F957CD0A /* Pods_GDSwift.framework in Frameworks */ = {isa = PBXBuildFile; fileRef = DE7D65FA7662CDA5CE82E031 /* Pods_GDSwift.framework */; };
		721E381C14D2289A80BF110F /* Pods_GDSwift_Tests.framework in Frameworks */ = {isa = PBXBuildFile; fileRef = 217B47F3D7789D7927629D54 /* Pods_GDSwift_Tests.framework */; };
		D36F5A709F7ED76B8D8D6A08 /* Pods_GDSwift_Example.framework in Frameworks */ = {isa = PBXBuildFile; fileRef = 8AB457D0E634BFCD134EE335 /* Pods_GDSwift_Example.framework */; };
		FD846F222233A5E10038A715 /* README.md in Resources */ = {isa = PBXBuildFile; fileRef = FD846F1F2233A5E10038A715 /* README.md */; };
		FD846F232233A5E10038A715 /* LICENSE in Resources */ = {isa = PBXBuildFile; fileRef = FD846F202233A5E10038A715 /* LICENSE */; };
		FD846F242233A5E10038A715 /* GDSwift.podspec in Resources */ = {isa = PBXBuildFile; fileRef = FD846F212233A5E10038A715 /* GDSwift.podspec */; };
/* End PBXBuildFile section */

/* Begin PBXContainerItemProxy section */
		18FDCA9B2602521800840378 /* PBXContainerItemProxy */ = {
			isa = PBXContainerItemProxy;
			containerPortal = 607FACC81AFB9204008FA782 /* Project object */;
			proxyType = 1;
			remoteGlobalIDString = FD846F6D2233AF970038A715;
			remoteInfo = GDSwift;
		};
		18FDCAA42602527700840378 /* PBXContainerItemProxy */ = {
			isa = PBXContainerItemProxy;
			containerPortal = 607FACC81AFB9204008FA782 /* Project object */;
			proxyType = 1;
			remoteGlobalIDString = 607FACCF1AFB9204008FA782;
			remoteInfo = GDSwift_Example;
		};
/* End PBXContainerItemProxy section */

/* Begin PBXCopyFilesBuildPhase section */
		FD846FCB2233CA9D0038A715 /* CopyFiles */ = {
			isa = PBXCopyFilesBuildPhase;
			buildActionMask = 2147483647;
			dstPath = "";
			dstSubfolderSpec = 10;
			files = (
			);
			runOnlyForDeploymentPostprocessing = 0;
		};
/* End PBXCopyFilesBuildPhase section */

/* Begin PBXFileReference section */
		02A33E58879E1CFFC6F2C422 /* Pods-GDSwift.release.xcconfig */ = {isa = PBXFileReference; includeInIndex = 1; lastKnownFileType = text.xcconfig; name = "Pods-GDSwift.release.xcconfig"; path = "Target Support Files/Pods-GDSwift/Pods-GDSwift.release.xcconfig"; sourceTree = "<group>"; };
		1622AF67DA9A45A65CAA8231 /* Pods-GDSwift.debug.xcconfig */ = {isa = PBXFileReference; includeInIndex = 1; lastKnownFileType = text.xcconfig; name = "Pods-GDSwift.debug.xcconfig"; path = "Target Support Files/Pods-GDSwift/Pods-GDSwift.debug.xcconfig"; sourceTree = "<group>"; };
		185D05C22606151000DA0BEF /* zh-Hans.lproj */ = {isa = PBXFileReference; lastKnownFileType = folder; path = "zh-Hans.lproj"; sourceTree = "<group>"; };
		185D05C32606151000DA0BEF /* en.lproj */ = {isa = PBXFileReference; lastKnownFileType = folder; path = en.lproj; sourceTree = "<group>"; };
		185D05C8260615D200DA0BEF /* GDEnvConfig.swift */ = {isa = PBXFileReference; lastKnownFileType = sourcecode.swift; path = GDEnvConfig.swift; sourceTree = "<group>"; };
		185D05F12606219B00DA0BEF /* image */ = {isa = PBXFileReference; lastKnownFileType = folder; path = image; sourceTree = "<group>"; };
		185D05F52606243A00DA0BEF /* GDSwift.podspec */ = {isa = PBXFileReference; lastKnownFileType = text; path = GDSwift.podspec; sourceTree = "<group>"; xcLanguageSpecificationIdentifier = xcode.lang.ruby; };
		185D05FC2606285500DA0BEF /* GDBaseViewController.swift */ = {isa = PBXFileReference; lastKnownFileType = sourcecode.swift; path = GDBaseViewController.swift; sourceTree = "<group>"; };
		185D06022606286F00DA0BEF /* GDBaseNavigationController.swift */ = {isa = PBXFileReference; lastKnownFileType = sourcecode.swift; path = GDBaseNavigationController.swift; sourceTree = "<group>"; };
		185D060B26062D5800DA0BEF /* GDPhotoData.swift */ = {isa = PBXFileReference; fileEncoding = 4; lastKnownFileType = sourcecode.swift; path = GDPhotoData.swift; sourceTree = "<group>"; };
		185D060D26062D5800DA0BEF /* GDProgressView.swift */ = {isa = PBXFileReference; fileEncoding = 4; lastKnownFileType = sourcecode.swift; path = GDProgressView.swift; sourceTree = "<group>"; };
		185D060E26062D5800DA0BEF /* GDPreviewCollectionViewCell.swift */ = {isa = PBXFileReference; fileEncoding = 4; lastKnownFileType = sourcecode.swift; path = GDPreviewCollectionViewCell.swift; sourceTree = "<group>"; };
		185D060F26062D5800DA0BEF /* GDPhotoCollectionViewCell.swift */ = {isa = PBXFileReference; fileEncoding = 4; lastKnownFileType = sourcecode.swift; path = GDPhotoCollectionViewCell.swift; sourceTree = "<group>"; };
		185D061A26062D5800DA0BEF /* GDPhotoAlbumListViewController.swift */ = {isa = PBXFileReference; fileEncoding = 4; lastKnownFileType = sourcecode.swift; path = GDPhotoAlbumListViewController.swift; sourceTree = "<group>"; };
		185D061B26062D5800DA0BEF /* GDPhotoAlbumViewController.swift */ = {isa = PBXFileReference; fileEncoding = 4; lastKnownFileType = sourcecode.swift; path = GDPhotoAlbumViewController.swift; sourceTree = "<group>"; };
		185D061C26062D5800DA0BEF /* GDPhotoClipViewController.swift */ = {isa = PBXFileReference; fileEncoding = 4; lastKnownFileType = sourcecode.swift; path = GDPhotoClipViewController.swift; sourceTree = "<group>"; };
		185D061D26062D5800DA0BEF /* GDPhotoPreviewDeleteViewController.swift */ = {isa = PBXFileReference; fileEncoding = 4; lastKnownFileType = sourcecode.swift; path = GDPhotoPreviewDeleteViewController.swift; sourceTree = "<group>"; };
		185D061E26062D5800DA0BEF /* GDPhotoNavigationViewController.swift */ = {isa = PBXFileReference; fileEncoding = 4; lastKnownFileType = sourcecode.swift; path = GDPhotoNavigationViewController.swift; sourceTree = "<group>"; };
		185D061F26062D5800DA0BEF /* GDPhotoBaseViewController.swift */ = {isa = PBXFileReference; fileEncoding = 4; lastKnownFileType = sourcecode.swift; path = GDPhotoBaseViewController.swift; sourceTree = "<group>"; };
		185D062026062D5800DA0BEF /* GDPhotoPreviewViewController.swift */ = {isa = PBXFileReference; fileEncoding = 4; lastKnownFileType = sourcecode.swift; path = GDPhotoPreviewViewController.swift; sourceTree = "<group>"; };
		185D062126062D5800DA0BEF /* GDCachingImageManager.swift */ = {isa = PBXFileReference; fileEncoding = 4; lastKnownFileType = sourcecode.swift; path = GDCachingImageManager.swift; sourceTree = "<group>"; };
		18736D0D2606E8F800206170 /* UIApplication+Extension.swift */ = {isa = PBXFileReference; lastKnownFileType = sourcecode.swift; path = "UIApplication+Extension.swift"; sourceTree = "<group>"; };
		18736D112606E95500206170 /* GDCache.swift */ = {isa = PBXFileReference; lastKnownFileType = sourcecode.swift; path = GDCache.swift; sourceTree = "<group>"; };
		18736D152606E9A700206170 /* GDCacheable.swift */ = {isa = PBXFileReference; lastKnownFileType = sourcecode.swift; path = GDCacheable.swift; sourceTree = "<group>"; };
		18736D1D2606F2CD00206170 /* Protected.swift */ = {isa = PBXFileReference; lastKnownFileType = sourcecode.swift; path = Protected.swift; sourceTree = "<group>"; };
		18736D2126071A4A00206170 /* Array+Extension.swift */ = {isa = PBXFileReference; lastKnownFileType = sourcecode.swift; path = "Array+Extension.swift"; sourceTree = "<group>"; };
		18736D2526071A5900206170 /* CharacterSet+Extension.swift */ = {isa = PBXFileReference; lastKnownFileType = sourcecode.swift; path = "CharacterSet+Extension.swift"; sourceTree = "<group>"; };
		18736D4526071F6500206170 /* GDParameterEncoding.swift */ = {isa = PBXFileReference; fileEncoding = 4; lastKnownFileType = sourcecode.swift; path = GDParameterEncoding.swift; sourceTree = "<group>"; };
		18736D5E26074BF900206170 /* NSNumber+Extension.swift */ = {isa = PBXFileReference; lastKnownFileType = sourcecode.swift; path = "NSNumber+Extension.swift"; sourceTree = "<group>"; };
		18736D722607539200206170 /* UIEdgeInsets+Extension.swift */ = {isa = PBXFileReference; lastKnownFileType = sourcecode.swift; path = "UIEdgeInsets+Extension.swift"; sourceTree = "<group>"; };
		18736DC12607593300206170 /* GDNavigator.swift */ = {isa = PBXFileReference; lastKnownFileType = sourcecode.swift; path = GDNavigator.swift; sourceTree = "<group>"; };
		18736DCF26075A4100206170 /* GDWebViewController.swift */ = {isa = PBXFileReference; lastKnownFileType = sourcecode.swift; path = GDWebViewController.swift; sourceTree = "<group>"; };
		18736DDA26075BD600206170 /* Foundation+Extension.swift */ = {isa = PBXFileReference; lastKnownFileType = sourcecode.swift; path = "Foundation+Extension.swift"; sourceTree = "<group>"; };
		188862632606321800863269 /* UIImage+Extension.swift */ = {isa = PBXFileReference; lastKnownFileType = sourcecode.swift; path = "UIImage+Extension.swift"; sourceTree = "<group>"; };
		18886267260632AA00863269 /* UIImageView+Extension.swift */ = {isa = PBXFileReference; lastKnownFileType = sourcecode.swift; path = "UIImageView+Extension.swift"; sourceTree = "<group>"; };
		1888626F2606336600863269 /* GDCommonTools.swift */ = {isa = PBXFileReference; lastKnownFileType = sourcecode.swift; path = GDCommonTools.swift; sourceTree = "<group>"; };
		1888627A260642C000863269 /* UIColor+Extension.swift */ = {isa = PBXFileReference; lastKnownFileType = sourcecode.swift; path = "UIColor+Extension.swift"; sourceTree = "<group>"; };
		188862802606447600863269 /* CALayer+Extension.swift */ = {isa = PBXFileReference; lastKnownFileType = sourcecode.swift; path = "CALayer+Extension.swift"; sourceTree = "<group>"; };
		188862842606454D00863269 /* GDFakeNavigationBar.swift */ = {isa = PBXFileReference; lastKnownFileType = sourcecode.swift; path = GDFakeNavigationBar.swift; sourceTree = "<group>"; };
		188862882606469800863269 /* GDCapturePhotoBaseViewController.swift */ = {isa = PBXFileReference; lastKnownFileType = sourcecode.swift; path = GDCapturePhotoBaseViewController.swift; sourceTree = "<group>"; };
		188862922606BD3A00863269 /* PhotoDemoViewController.swift */ = {isa = PBXFileReference; lastKnownFileType = sourcecode.swift; path = PhotoDemoViewController.swift; sourceTree = "<group>"; };
		1888629D2606C65800863269 /* UIButton+Extension.swift */ = {isa = PBXFileReference; lastKnownFileType = sourcecode.swift; path = "UIButton+Extension.swift"; sourceTree = "<group>"; };
		188862A12606C74800863269 /* GDBaseView.swift */ = {isa = PBXFileReference; lastKnownFileType = sourcecode.swift; path = GDBaseView.swift; sourceTree = "<group>"; };
		188862A52606CBFC00863269 /* UIViewController+Extension.swift */ = {isa = PBXFileReference; lastKnownFileType = sourcecode.swift; path = "UIViewController+Extension.swift"; sourceTree = "<group>"; };
		189956E026081E10008834D6 /* CoreServices.framework */ = {isa = PBXFileReference; lastKnownFileType = wrapper.framework; name = CoreServices.framework; path = System/Library/Frameworks/CoreServices.framework; sourceTree = SDKROOT; };
		189956E226081E16008834D6 /* UIKit.framework */ = {isa = PBXFileReference; lastKnownFileType = wrapper.framework; name = UIKit.framework; path = System/Library/Frameworks/UIKit.framework; sourceTree = SDKROOT; };
		189956E426081E1B008834D6 /* AVFoundation.framework */ = {isa = PBXFileReference; lastKnownFileType = wrapper.framework; name = AVFoundation.framework; path = System/Library/Frameworks/AVFoundation.framework; sourceTree = SDKROOT; };
		18A516202602EAF800425CC6 /* GD.generated.swift */ = {isa = PBXFileReference; lastKnownFileType = sourcecode.swift; path = GD.generated.swift; sourceTree = "<group>"; };
		18FDC97C26022F4400840378 /* GDSwift.h */ = {isa = PBXFileReference; fileEncoding = 4; lastKnownFileType = sourcecode.c.h; path = GDSwift.h; sourceTree = "<group>"; };
		18FDC97D26022F4400840378 /* Info.plist */ = {isa = PBXFileReference; fileEncoding = 4; lastKnownFileType = text.plist.xml; path = Info.plist; sourceTree = "<group>"; };
		18FDC9A22602309C00840378 /* Base */ = {isa = PBXFileReference; lastKnownFileType = file.xib; name = Base; path = Base.lproj/LaunchScreen.xib; sourceTree = "<group>"; };
		18FDC9A42602309C00840378 /* Base */ = {isa = PBXFileReference; lastKnownFileType = file.storyboard; name = Base; path = Base.lproj/Main.storyboard; sourceTree = "<group>"; };
		18FDC9A52602309C00840378 /* Images.xcassets */ = {isa = PBXFileReference; lastKnownFileType = folder.assetcatalog; path = Images.xcassets; sourceTree = "<group>"; };
		18FDC9A62602309C00840378 /* AppDelegate.swift */ = {isa = PBXFileReference; fileEncoding = 4; lastKnownFileType = sourcecode.swift; path = AppDelegate.swift; sourceTree = "<group>"; };
		18FDC9A82602309C00840378 /* Logger.swift */ = {isa = PBXFileReference; fileEncoding = 4; lastKnownFileType = sourcecode.swift; path = Logger.swift; sourceTree = "<group>"; };
		18FDC9AA2602309C00840378 /* ViewController.swift */ = {isa = PBXFileReference; fileEncoding = 4; lastKnownFileType = sourcecode.swift; path = ViewController.swift; sourceTree = "<group>"; };
		18FDC9AB2602309C00840378 /* BaseViewController.swift */ = {isa = PBXFileReference; fileEncoding = 4; lastKnownFileType = sourcecode.swift; path = BaseViewController.swift; sourceTree = "<group>"; };
		18FDC9AC2602309C00840378 /* Info.plist */ = {isa = PBXFileReference; fileEncoding = 4; lastKnownFileType = text.plist.xml; path = Info.plist; sourceTree = "<group>"; };
		18FDCA422602410300840378 /* UIView+Extension.swift */ = {isa = PBXFileReference; lastKnownFileType = sourcecode.swift; path = "UIView+Extension.swift"; sourceTree = "<group>"; };
		18FDCA492602411200840378 /* UILabel+Extension.swift */ = {isa = PBXFileReference; lastKnownFileType = sourcecode.swift; path = "UILabel+Extension.swift"; sourceTree = "<group>"; };
		18FDCA4D2602412300840378 /* UITextfield+Extension.swift */ = {isa = PBXFileReference; lastKnownFileType = sourcecode.swift; path = "UITextfield+Extension.swift"; sourceTree = "<group>"; };
		18FDCA512602413600840378 /* GDTheme.swift */ = {isa = PBXFileReference; lastKnownFileType = sourcecode.swift; path = GDTheme.swift; sourceTree = "<group>"; };
		18FDCA552602415C00840378 /* GDLanguageLocalize.swift */ = {isa = PBXFileReference; lastKnownFileType = sourcecode.swift; path = GDLanguageLocalize.swift; sourceTree = "<group>"; };
		18FDCA592602416F00840378 /* GDConstantAndMacro.swift */ = {isa = PBXFileReference; lastKnownFileType = sourcecode.swift; path = GDConstantAndMacro.swift; sourceTree = "<group>"; };
		18FDCA61260241A200840378 /* GDSecurityTools.swift */ = {isa = PBXFileReference; lastKnownFileType = sourcecode.swift; path = GDSecurityTools.swift; sourceTree = "<group>"; };
		18FDCA65260241CD00840378 /* String+Extension.swift */ = {isa = PBXFileReference; lastKnownFileType = sourcecode.swift; path = "String+Extension.swift"; sourceTree = "<group>"; };
		18FDCA732602426200840378 /* GDPopView.swift */ = {isa = PBXFileReference; lastKnownFileType = sourcecode.swift; path = GDPopView.swift; sourceTree = "<group>"; };
		18FDCA832602436000840378 /* README.md */ = {isa = PBXFileReference; lastKnownFileType = net.daringfireball.markdown; path = README.md; sourceTree = "<group>"; };
		18FDCA952602521800840378 /* GDSwift_Tests.xctest */ = {isa = PBXFileReference; explicitFileType = wrapper.cfbundle; includeInIndex = 0; path = GDSwift_Tests.xctest; sourceTree = BUILT_PRODUCTS_DIR; };
		18FDCA972602521800840378 /* GDSwift_Tests.swift */ = {isa = PBXFileReference; lastKnownFileType = sourcecode.swift; path = GDSwift_Tests.swift; sourceTree = "<group>"; };
		18FDCA992602521800840378 /* Info.plist */ = {isa = PBXFileReference; lastKnownFileType = text.plist.xml; path = Info.plist; sourceTree = "<group>"; };
		217B47F3D7789D7927629D54 /* Pods_GDSwift_Tests.framework */ = {isa = PBXFileReference; explicitFileType = wrapper.framework; includeInIndex = 0; path = Pods_GDSwift_Tests.framework; sourceTree = BUILT_PRODUCTS_DIR; };
		4F377A2A2E972B2C69544FF7 /* Pods-GDSwift_Example.release.xcconfig */ = {isa = PBXFileReference; includeInIndex = 1; lastKnownFileType = text.xcconfig; name = "Pods-GDSwift_Example.release.xcconfig"; path = "Target Support Files/Pods-GDSwift_Example/Pods-GDSwift_Example.release.xcconfig"; sourceTree = "<group>"; };
		607FACD01AFB9204008FA782 /* GDSwift_Example.app */ = {isa = PBXFileReference; explicitFileType = wrapper.application; includeInIndex = 0; path = GDSwift_Example.app; sourceTree = BUILT_PRODUCTS_DIR; };
		7EFD5E485985332D2B3DD289 /* Pods-GDSwift_Tests.debug.xcconfig */ = {isa = PBXFileReference; includeInIndex = 1; lastKnownFileType = text.xcconfig; name = "Pods-GDSwift_Tests.debug.xcconfig"; path = "Target Support Files/Pods-GDSwift_Tests/Pods-GDSwift_Tests.debug.xcconfig"; sourceTree = "<group>"; };
		8AB457D0E634BFCD134EE335 /* Pods_GDSwift_Example.framework */ = {isa = PBXFileReference; explicitFileType = wrapper.framework; includeInIndex = 0; path = Pods_GDSwift_Example.framework; sourceTree = BUILT_PRODUCTS_DIR; };
		BED7D1FD7DCB9E13F07026A7 /* Pods-GDSwift_Tests.release.xcconfig */ = {isa = PBXFileReference; includeInIndex = 1; lastKnownFileType = text.xcconfig; name = "Pods-GDSwift_Tests.release.xcconfig"; path = "Target Support Files/Pods-GDSwift_Tests/Pods-GDSwift_Tests.release.xcconfig"; sourceTree = "<group>"; };
		DE7D65FA7662CDA5CE82E031 /* Pods_GDSwift.framework */ = {isa = PBXFileReference; explicitFileType = wrapper.framework; includeInIndex = 0; path = Pods_GDSwift.framework; sourceTree = BUILT_PRODUCTS_DIR; };
		F720910C5EC6243CCE6D99BA /* Pods-GDSwift_Example.debug.xcconfig */ = {isa = PBXFileReference; includeInIndex = 1; lastKnownFileType = text.xcconfig; name = "Pods-GDSwift_Example.debug.xcconfig"; path = "Target Support Files/Pods-GDSwift_Example/Pods-GDSwift_Example.debug.xcconfig"; sourceTree = "<group>"; };
		FD846F1F2233A5E10038A715 /* README.md */ = {isa = PBXFileReference; fileEncoding = 4; lastKnownFileType = net.daringfireball.markdown; path = README.md; sourceTree = "<group>"; };
		FD846F202233A5E10038A715 /* LICENSE */ = {isa = PBXFileReference; fileEncoding = 4; lastKnownFileType = text; path = LICENSE; sourceTree = "<group>"; };
		FD846F212233A5E10038A715 /* GDSwift.podspec */ = {isa = PBXFileReference; fileEncoding = 4; lastKnownFileType = text; path = GDSwift.podspec; sourceTree = "<group>"; xcLanguageSpecificationIdentifier = xcode.lang.ruby; };
		FD846F6E2233AF970038A715 /* GDSwift.framework */ = {isa = PBXFileReference; explicitFileType = wrapper.framework; includeInIndex = 0; path = GDSwift.framework; sourceTree = BUILT_PRODUCTS_DIR; };
/* End PBXFileReference section */

/* Begin PBXFrameworksBuildPhase section */
		18FDCA922602521800840378 /* Frameworks */ = {
			isa = PBXFrameworksBuildPhase;
			buildActionMask = 2147483647;
			files = (
				18FDCA9A2602521800840378 /* GDSwift.framework in Frameworks */,
				721E381C14D2289A80BF110F /* Pods_GDSwift_Tests.framework in Frameworks */,
			);
			runOnlyForDeploymentPostprocessing = 0;
		};
		607FACCD1AFB9204008FA782 /* Frameworks */ = {
			isa = PBXFrameworksBuildPhase;
			buildActionMask = 2147483647;
			files = (
				D36F5A709F7ED76B8D8D6A08 /* Pods_GDSwift_Example.framework in Frameworks */,
			);
			runOnlyForDeploymentPostprocessing = 0;
		};
		FD846F6B2233AF970038A715 /* Frameworks */ = {
			isa = PBXFrameworksBuildPhase;
			buildActionMask = 2147483647;
			files = (
				189956E526081E1B008834D6 /* AVFoundation.framework in Frameworks */,
				189956E326081E16008834D6 /* UIKit.framework in Frameworks */,
				189956E126081E10008834D6 /* CoreServices.framework in Frameworks */,
				4A665B8EC711CFF5F957CD0A /* Pods_GDSwift.framework in Frameworks */,
			);
			runOnlyForDeploymentPostprocessing = 0;
		};
/* End PBXFrameworksBuildPhase section */

/* Begin PBXGroup section */
		185D05FB2606282F00DA0BEF /* Base */ = {
			isa = PBXGroup;
			children = (
				18736DC12607593300206170 /* GDNavigator.swift */,
				185D05FC2606285500DA0BEF /* GDBaseViewController.swift */,
				185D06022606286F00DA0BEF /* GDBaseNavigationController.swift */,
				188862842606454D00863269 /* GDFakeNavigationBar.swift */,
				188862A12606C74800863269 /* GDBaseView.swift */,
				18736DCF26075A4100206170 /* GDWebViewController.swift */,
			);
			path = Base;
			sourceTree = "<group>";
		};
		185D060626062D5800DA0BEF /* GDPhotoAlbum */ = {
			isa = PBXGroup;
			children = (
				185D060A26062D5800DA0BEF /* Model */,
				185D060C26062D5800DA0BEF /* View */,
				185D061926062D5800DA0BEF /* ViewController */,
			);
			path = GDPhotoAlbum;
			sourceTree = "<group>";
		};
		185D060A26062D5800DA0BEF /* Model */ = {
			isa = PBXGroup;
			children = (
				185D060B26062D5800DA0BEF /* GDPhotoData.swift */,
			);
			path = Model;
			sourceTree = "<group>";
		};
		185D060C26062D5800DA0BEF /* View */ = {
			isa = PBXGroup;
			children = (
				185D060D26062D5800DA0BEF /* GDProgressView.swift */,
				185D060E26062D5800DA0BEF /* GDPreviewCollectionViewCell.swift */,
				185D060F26062D5800DA0BEF /* GDPhotoCollectionViewCell.swift */,
			);
			path = View;
			sourceTree = "<group>";
		};
		185D061926062D5800DA0BEF /* ViewController */ = {
			isa = PBXGroup;
			children = (
				185D061A26062D5800DA0BEF /* GDPhotoAlbumListViewController.swift */,
				185D061B26062D5800DA0BEF /* GDPhotoAlbumViewController.swift */,
				185D061C26062D5800DA0BEF /* GDPhotoClipViewController.swift */,
				185D061D26062D5800DA0BEF /* GDPhotoPreviewDeleteViewController.swift */,
				185D061E26062D5800DA0BEF /* GDPhotoNavigationViewController.swift */,
				185D061F26062D5800DA0BEF /* GDPhotoBaseViewController.swift */,
				185D062026062D5800DA0BEF /* GDPhotoPreviewViewController.swift */,
				188862882606469800863269 /* GDCapturePhotoBaseViewController.swift */,
			);
			path = ViewController;
			sourceTree = "<group>";
		};
		18736D2926071B7200206170 /* Encoding */ = {
			isa = PBXGroup;
			children = (
			);
			path = Encoding;
			sourceTree = "<group>";
		};
		188862912606BD1300863269 /* PhotoDemo */ = {
			isa = PBXGroup;
			children = (
				188862922606BD3A00863269 /* PhotoDemoViewController.swift */,
			);
			path = PhotoDemo;
			sourceTree = "<group>";
		};
		18A5162C2602F6DF00425CC6 /* Protocol */ = {
			isa = PBXGroup;
			children = (
				18736D152606E9A700206170 /* GDCacheable.swift */,
			);
			path = Protocol;
			sourceTree = "<group>";
		};
		18FDC97726022F4400840378 /* Classes */ = {
			isa = PBXGroup;
			children = (
				18FDC97826022F4400840378 /* Core */,
				18FDC97926022F4400840378 /* Widgets */,
			);
			name = Classes;
			path = GDSwift/Classes;
			sourceTree = "<group>";
		};
		18FDC97826022F4400840378 /* Core */ = {
			isa = PBXGroup;
			children = (
				18A5162C2602F6DF00425CC6 /* Protocol */,
				18FDCA6C2602420300840378 /* Helper */,
				18FDCA6B260241EE00840378 /* Constant */,
				18FDCA6A260241DE00840378 /* Theme */,
				18FDCA69260241D700840378 /* Utils */,
				18FDCA41260240D500840378 /* UIKit */,
				18FDCA40260240CE00840378 /* Foundation */,
			);
			path = Core;
			sourceTree = "<group>";
		};
		18FDC97926022F4400840378 /* Widgets */ = {
			isa = PBXGroup;
			children = (
				185D05FB2606282F00DA0BEF /* Base */,
				18FDCA722602423700840378 /* CycleView */,
				18FDCA712602422300840378 /* Marquee */,
				18FDCA702602421B00840378 /* Photo */,
				18FDCA6F2602421500840378 /* Address */,
				18FDCA6E2602420E00840378 /* PickerView */,
				18FDCA6D2602420900840378 /* PopView */,
			);
			path = Widgets;
			sourceTree = "<group>";
		};
		18FDC97A26022F4400840378 /* Resource */ = {
			isa = PBXGroup;
			children = (
				185D05F12606219B00DA0BEF /* image */,
				185D05C32606151000DA0BEF /* en.lproj */,
				185D05C22606151000DA0BEF /* zh-Hans.lproj */,
			);
			name = Resource;
			path = GDSwift/Resource;
			sourceTree = "<group>";
		};
		18FDC97B26022F4400840378 /* Supporting Files */ = {
			isa = PBXGroup;
			children = (
				18FDC97C26022F4400840378 /* GDSwift.h */,
				18FDC97D26022F4400840378 /* Info.plist */,
			);
			name = "Supporting Files";
			path = "GDSwift/Supporting Files";
			sourceTree = "<group>";
		};
		18FDC99F2602309C00840378 /* Example for GDSwift */ = {
			isa = PBXGroup;
			children = (
				18FDC9A02602309C00840378 /* Other */,
				18FDC9A92602309C00840378 /* Controllers */,
				18FDC9AC2602309C00840378 /* Info.plist */,
			);
			name = "Example for GDSwift";
			path = Example;
			sourceTree = "<group>";
		};
		18FDC9A02602309C00840378 /* Other */ = {
			isa = PBXGroup;
			children = (
				18FDC9A12602309C00840378 /* LaunchScreen.xib */,
				18FDC9A32602309C00840378 /* Main.storyboard */,
				18FDC9A52602309C00840378 /* Images.xcassets */,
				18FDC9A62602309C00840378 /* AppDelegate.swift */,
			);
			path = Other;
			sourceTree = "<group>";
		};
		18FDC9A92602309C00840378 /* Controllers */ = {
			isa = PBXGroup;
			children = (
				18736D2926071B7200206170 /* Encoding */,
				188862912606BD1300863269 /* PhotoDemo */,
				18FDC9AA2602309C00840378 /* ViewController.swift */,
				18FDC9AB2602309C00840378 /* BaseViewController.swift */,
			);
			path = Controllers;
			sourceTree = "<group>";
		};
		18FDCA40260240CE00840378 /* Foundation */ = {
			isa = PBXGroup;
			children = (
				18FDCA65260241CD00840378 /* String+Extension.swift */,
				188862802606447600863269 /* CALayer+Extension.swift */,
				18736D0D2606E8F800206170 /* UIApplication+Extension.swift */,
				18736D2126071A4A00206170 /* Array+Extension.swift */,
				18736D2526071A5900206170 /* CharacterSet+Extension.swift */,
				18736D5E26074BF900206170 /* NSNumber+Extension.swift */,
				18736DDA26075BD600206170 /* Foundation+Extension.swift */,
			);
			path = Foundation;
			sourceTree = "<group>";
		};
		18FDCA41260240D500840378 /* UIKit */ = {
			isa = PBXGroup;
			children = (
				18FDCA422602410300840378 /* UIView+Extension.swift */,
				18FDCA492602411200840378 /* UILabel+Extension.swift */,
				18FDCA4D2602412300840378 /* UITextfield+Extension.swift */,
				188862632606321800863269 /* UIImage+Extension.swift */,
				18886267260632AA00863269 /* UIImageView+Extension.swift */,
				1888627A260642C000863269 /* UIColor+Extension.swift */,
				1888629D2606C65800863269 /* UIButton+Extension.swift */,
				188862A52606CBFC00863269 /* UIViewController+Extension.swift */,
				18736D722607539200206170 /* UIEdgeInsets+Extension.swift */,
			);
			path = UIKit;
			sourceTree = "<group>";
		};
		18FDCA69260241D700840378 /* Utils */ = {
			isa = PBXGroup;
			children = (
				18FDC9A82602309C00840378 /* Logger.swift */,
				18736D4526071F6500206170 /* GDParameterEncoding.swift */,
				185D062126062D5800DA0BEF /* GDCachingImageManager.swift */,
				18FDCA61260241A200840378 /* GDSecurityTools.swift */,
				18FDCA552602415C00840378 /* GDLanguageLocalize.swift */,
				18A516202602EAF800425CC6 /* GD.generated.swift */,
				1888626F2606336600863269 /* GDCommonTools.swift */,
				18736D112606E95500206170 /* GDCache.swift */,
				18736D1D2606F2CD00206170 /* Protected.swift */,
			);
			path = Utils;
			sourceTree = "<group>";
		};
		18FDCA6A260241DE00840378 /* Theme */ = {
			isa = PBXGroup;
			children = (
				18FDCA512602413600840378 /* GDTheme.swift */,
			);
			path = Theme;
			sourceTree = "<group>";
		};
		18FDCA6B260241EE00840378 /* Constant */ = {
			isa = PBXGroup;
			children = (
				18FDCA592602416F00840378 /* GDConstantAndMacro.swift */,
			);
			path = Constant;
			sourceTree = "<group>";
		};
		18FDCA6C2602420300840378 /* Helper */ = {
			isa = PBXGroup;
			children = (
				185D05C8260615D200DA0BEF /* GDEnvConfig.swift */,
			);
			path = Helper;
			sourceTree = "<group>";
		};
		18FDCA6D2602420900840378 /* PopView */ = {
			isa = PBXGroup;
			children = (
				18FDCA732602426200840378 /* GDPopView.swift */,
			);
			path = PopView;
			sourceTree = "<group>";
		};
		18FDCA6E2602420E00840378 /* PickerView */ = {
			isa = PBXGroup;
			children = (
			);
			path = PickerView;
			sourceTree = "<group>";
		};
		18FDCA6F2602421500840378 /* Address */ = {
			isa = PBXGroup;
			children = (
			);
			path = Address;
			sourceTree = "<group>";
		};
		18FDCA702602421B00840378 /* Photo */ = {
			isa = PBXGroup;
			children = (
				185D060626062D5800DA0BEF /* GDPhotoAlbum */,
			);
			path = Photo;
			sourceTree = "<group>";
		};
		18FDCA712602422300840378 /* Marquee */ = {
			isa = PBXGroup;
			children = (
			);
			path = Marquee;
			sourceTree = "<group>";
		};
		18FDCA722602423700840378 /* CycleView */ = {
			isa = PBXGroup;
			children = (
			);
			path = CycleView;
			sourceTree = "<group>";
		};
		18FDCA962602521800840378 /* GDSwift_Tests */ = {
			isa = PBXGroup;
			children = (
				18FDCA972602521800840378 /* GDSwift_Tests.swift */,
				18FDCA992602521800840378 /* Info.plist */,
			);
			path = GDSwift_Tests;
			sourceTree = "<group>";
		};
		401B0BFDE62033305017454C /* Pods */ = {
			isa = PBXGroup;
			children = (
				F720910C5EC6243CCE6D99BA /* Pods-GDSwift_Example.debug.xcconfig */,
				4F377A2A2E972B2C69544FF7 /* Pods-GDSwift_Example.release.xcconfig */,
				7EFD5E485985332D2B3DD289 /* Pods-GDSwift_Tests.debug.xcconfig */,
				BED7D1FD7DCB9E13F07026A7 /* Pods-GDSwift_Tests.release.xcconfig */,
				1622AF67DA9A45A65CAA8231 /* Pods-GDSwift.debug.xcconfig */,
				02A33E58879E1CFFC6F2C422 /* Pods-GDSwift.release.xcconfig */,
			);
			path = Pods;
			sourceTree = "<group>";
		};
		607FACC71AFB9204008FA782 = {
			isa = PBXGroup;
			children = (
				18FDCA832602436000840378 /* README.md */,
				185D05F52606243A00DA0BEF /* GDSwift.podspec */,
				FD846F552233AED40038A715 /* Sources */,
				18FDC99F2602309C00840378 /* Example for GDSwift */,
				607FACF51AFB993E008FA782 /* Podspec Metadata */,
				18FDCA962602521800840378 /* GDSwift_Tests */,
				607FACD11AFB9204008FA782 /* Products */,
				72B31B5C6106E14F95F197CB /* Frameworks */,
				401B0BFDE62033305017454C /* Pods */,
			);
			sourceTree = "<group>";
		};
		607FACD11AFB9204008FA782 /* Products */ = {
			isa = PBXGroup;
			children = (
				607FACD01AFB9204008FA782 /* GDSwift_Example.app */,
				FD846F6E2233AF970038A715 /* GDSwift.framework */,
				18FDCA952602521800840378 /* GDSwift_Tests.xctest */,
			);
			name = Products;
			sourceTree = "<group>";
		};
		607FACF51AFB993E008FA782 /* Podspec Metadata */ = {
			isa = PBXGroup;
			children = (
				FD846F202233A5E10038A715 /* LICENSE */,
				FD846F212233A5E10038A715 /* GDSwift.podspec */,
				FD846F1F2233A5E10038A715 /* README.md */,
			);
			name = "Podspec Metadata";
			sourceTree = "<group>";
		};
		72B31B5C6106E14F95F197CB /* Frameworks */ = {
			isa = PBXGroup;
			children = (
				189956E426081E1B008834D6 /* AVFoundation.framework */,
				189956E226081E16008834D6 /* UIKit.framework */,
				189956E026081E10008834D6 /* CoreServices.framework */,
				DE7D65FA7662CDA5CE82E031 /* Pods_GDSwift.framework */,
				8AB457D0E634BFCD134EE335 /* Pods_GDSwift_Example.framework */,
				217B47F3D7789D7927629D54 /* Pods_GDSwift_Tests.framework */,
			);
			name = Frameworks;
			sourceTree = "<group>";
		};
		FD846F552233AED40038A715 /* Sources */ = {
			isa = PBXGroup;
			children = (
				18FDC97726022F4400840378 /* Classes */,
				18FDC97A26022F4400840378 /* Resource */,
				18FDC97B26022F4400840378 /* Supporting Files */,
			);
			name = Sources;
			sourceTree = "<group>";
		};
/* End PBXGroup section */

/* Begin PBXHeadersBuildPhase section */
		FD846F692233AF970038A715 /* Headers */ = {
			isa = PBXHeadersBuildPhase;
			buildActionMask = 2147483647;
			files = (
				18FDC97E26022F4500840378 /* GDSwift.h in Headers */,
			);
			runOnlyForDeploymentPostprocessing = 0;
		};
/* End PBXHeadersBuildPhase section */

/* Begin PBXNativeTarget section */
		18FDCA942602521800840378 /* GDSwift_Tests */ = {
			isa = PBXNativeTarget;
			buildConfigurationList = 18FDCA9D2602521800840378 /* Build configuration list for PBXNativeTarget "GDSwift_Tests" */;
			buildPhases = (
				07347A12FF0BFB885A0F99E5 /* [CP] Check Pods Manifest.lock */,
				18FDCA912602521800840378 /* Sources */,
				18FDCA922602521800840378 /* Frameworks */,
				18FDCA932602521800840378 /* Resources */,
				A27DD4602C1B98949DEB2D93 /* [CP] Embed Pods Frameworks */,
			);
			buildRules = (
			);
			dependencies = (
				18FDCA9C2602521800840378 /* PBXTargetDependency */,
				18FDCAA52602527700840378 /* PBXTargetDependency */,
			);
			name = GDSwift_Tests;
			productName = GDSwift_Tests;
			productReference = 18FDCA952602521800840378 /* GDSwift_Tests.xctest */;
			productType = "com.apple.product-type.bundle.unit-test";
		};
		607FACCF1AFB9204008FA782 /* GDSwift_Example */ = {
			isa = PBXNativeTarget;
			buildConfigurationList = 607FACEF1AFB9204008FA782 /* Build configuration list for PBXNativeTarget "GDSwift_Example" */;
			buildPhases = (
				ECC300BC958FA37AEFE91013 /* [CP] Check Pods Manifest.lock */,
				607FACCC1AFB9204008FA782 /* Sources */,
				607FACCD1AFB9204008FA782 /* Frameworks */,
				607FACCE1AFB9204008FA782 /* Resources */,
				FD846FCB2233CA9D0038A715 /* CopyFiles */,
				1BE2C43D240F665FEC894D33 /* [CP] Embed Pods Frameworks */,
			);
			buildRules = (
			);
			dependencies = (
			);
			name = GDSwift_Example;
			productName = MoyaMapper;
			productReference = 607FACD01AFB9204008FA782 /* GDSwift_Example.app */;
			productType = "com.apple.product-type.application";
		};
		FD846F6D2233AF970038A715 /* GDSwift */ = {
			isa = PBXNativeTarget;
			buildConfigurationList = FD846F732233AF970038A715 /* Build configuration list for PBXNativeTarget "GDSwift" */;
			buildPhases = (
				CD9C7E8462CD176BD4CFF71A /* [CP] Check Pods Manifest.lock */,
				FD846F692233AF970038A715 /* Headers */,
				FD846F6A2233AF970038A715 /* Sources */,
				FD846F6B2233AF970038A715 /* Frameworks */,
				FD846F6C2233AF970038A715 /* Resources */,
			);
			buildRules = (
			);
			dependencies = (
			);
			name = GDSwift;
			productName = MoyaMapper;
			productReference = FD846F6E2233AF970038A715 /* GDSwift.framework */;
			productType = "com.apple.product-type.framework";
		};
/* End PBXNativeTarget section */

/* Begin PBXProject section */
		607FACC81AFB9204008FA782 /* Project object */ = {
			isa = PBXProject;
			attributes = {
				LastSwiftUpdateCheck = 1240;
				LastUpgradeCheck = 0830;
				ORGANIZATIONNAME = CocoaPods;
				TargetAttributes = {
					18FDCA942602521800840378 = {
						CreatedOnToolsVersion = 12.4;
						ProvisioningStyle = Automatic;
					};
					607FACCF1AFB9204008FA782 = {
						CreatedOnToolsVersion = 6.3.1;
						DevelopmentTeam = GKW57RJB7W;
						LastSwiftMigration = 0900;
						ProvisioningStyle = Automatic;
					};
					FD846F6D2233AF970038A715 = {
						CreatedOnToolsVersion = 10.1;
						LastSwiftMigration = 1240;
						ProvisioningStyle = Manual;
					};
				};
			};
			buildConfigurationList = 607FACCB1AFB9204008FA782 /* Build configuration list for PBXProject "GDSwift" */;
			compatibilityVersion = "Xcode 3.2";
			developmentRegion = English;
			hasScannedForEncodings = 0;
			knownRegions = (
				English,
				en,
				Base,
			);
			mainGroup = 607FACC71AFB9204008FA782;
			productRefGroup = 607FACD11AFB9204008FA782 /* Products */;
			projectDirPath = "";
			projectRoot = "";
			targets = (
				607FACCF1AFB9204008FA782 /* GDSwift_Example */,
				FD846F6D2233AF970038A715 /* GDSwift */,
				18FDCA942602521800840378 /* GDSwift_Tests */,
			);
		};
/* End PBXProject section */

/* Begin PBXResourcesBuildPhase section */
		18FDCA932602521800840378 /* Resources */ = {
			isa = PBXResourcesBuildPhase;
			buildActionMask = 2147483647;
			files = (
			);
			runOnlyForDeploymentPostprocessing = 0;
		};
		607FACCE1AFB9204008FA782 /* Resources */ = {
			isa = PBXResourcesBuildPhase;
			buildActionMask = 2147483647;
			files = (
				18FDC9AD2602309C00840378 /* LaunchScreen.xib in Resources */,
				18FDC9AE2602309C00840378 /* Main.storyboard in Resources */,
				FD846F222233A5E10038A715 /* README.md in Resources */,
				18FDC9AF2602309C00840378 /* Images.xcassets in Resources */,
				FD846F232233A5E10038A715 /* LICENSE in Resources */,
				FD846F242233A5E10038A715 /* GDSwift.podspec in Resources */,
			);
			runOnlyForDeploymentPostprocessing = 0;
		};
		FD846F6C2233AF970038A715 /* Resources */ = {
			isa = PBXResourcesBuildPhase;
			buildActionMask = 2147483647;
			files = (
				185D05F22606219B00DA0BEF /* image in Resources */,
				185D05C52606151000DA0BEF /* en.lproj in Resources */,
				185D05C42606151000DA0BEF /* zh-Hans.lproj in Resources */,
			);
			runOnlyForDeploymentPostprocessing = 0;
		};
/* End PBXResourcesBuildPhase section */

/* Begin PBXShellScriptBuildPhase section */
		07347A12FF0BFB885A0F99E5 /* [CP] Check Pods Manifest.lock */ = {
			isa = PBXShellScriptBuildPhase;
			buildActionMask = 2147483647;
			files = (
			);
			inputFileListPaths = (
			);
			inputPaths = (
				"${PODS_PODFILE_DIR_PATH}/Podfile.lock",
				"${PODS_ROOT}/Manifest.lock",
			);
			name = "[CP] Check Pods Manifest.lock";
			outputFileListPaths = (
			);
			outputPaths = (
				"$(DERIVED_FILE_DIR)/Pods-GDSwift_Tests-checkManifestLockResult.txt",
			);
			runOnlyForDeploymentPostprocessing = 0;
			shellPath = /bin/sh;
			shellScript = "diff \"${PODS_PODFILE_DIR_PATH}/Podfile.lock\" \"${PODS_ROOT}/Manifest.lock\" > /dev/null\nif [ $? != 0 ] ; then\n    # print error to STDERR\n    echo \"error: The sandbox is not in sync with the Podfile.lock. Run 'pod install' or update your CocoaPods installation.\" >&2\n    exit 1\nfi\n# This output is used by Xcode 'outputs' to avoid re-running this script phase.\necho \"SUCCESS\" > \"${SCRIPT_OUTPUT_FILE_0}\"\n";
			showEnvVarsInLog = 0;
		};
		1BE2C43D240F665FEC894D33 /* [CP] Embed Pods Frameworks */ = {
			isa = PBXShellScriptBuildPhase;
			buildActionMask = 2147483647;
			files = (
			);
			inputPaths = (
				"${PODS_ROOT}/Target Support Files/Pods-GDSwift_Example/Pods-GDSwift_Example-frameworks.sh",
				"${BUILT_PRODUCTS_DIR}/Hero/Hero.framework",
				"${BUILT_PRODUCTS_DIR}/SnapKit/SnapKit.framework",
				"${BUILT_PRODUCTS_DIR}/GDSwift/GDSwift.framework",
			);
			name = "[CP] Embed Pods Frameworks";
			outputPaths = (
				"${TARGET_BUILD_DIR}/${FRAMEWORKS_FOLDER_PATH}/Hero.framework",
				"${TARGET_BUILD_DIR}/${FRAMEWORKS_FOLDER_PATH}/SnapKit.framework",
				"${TARGET_BUILD_DIR}/${FRAMEWORKS_FOLDER_PATH}/GDSwift.framework",
			);
			runOnlyForDeploymentPostprocessing = 0;
			shellPath = /bin/sh;
			shellScript = "\"${PODS_ROOT}/Target Support Files/Pods-GDSwift_Example/Pods-GDSwift_Example-frameworks.sh\"\n";
			showEnvVarsInLog = 0;
		};
		A27DD4602C1B98949DEB2D93 /* [CP] Embed Pods Frameworks */ = {
			isa = PBXShellScriptBuildPhase;
			buildActionMask = 2147483647;
			files = (
			);
			inputPaths = (
				"${PODS_ROOT}/Target Support Files/Pods-GDSwift_Tests/Pods-GDSwift_Tests-frameworks.sh",
				"${BUILT_PRODUCTS_DIR}/Hero/Hero.framework",
				"${BUILT_PRODUCTS_DIR}/SnapKit/SnapKit.framework",
			);
			name = "[CP] Embed Pods Frameworks";
			outputPaths = (
				"${TARGET_BUILD_DIR}/${FRAMEWORKS_FOLDER_PATH}/Hero.framework",
				"${TARGET_BUILD_DIR}/${FRAMEWORKS_FOLDER_PATH}/SnapKit.framework",
			);
			runOnlyForDeploymentPostprocessing = 0;
			shellPath = /bin/sh;
			shellScript = "\"${PODS_ROOT}/Target Support Files/Pods-GDSwift_Tests/Pods-GDSwift_Tests-frameworks.sh\"\n";
			showEnvVarsInLog = 0;
		};
		CD9C7E8462CD176BD4CFF71A /* [CP] Check Pods Manifest.lock */ = {
			isa = PBXShellScriptBuildPhase;
			buildActionMask = 2147483647;
			files = (
			);
			inputFileListPaths = (
			);
			inputPaths = (
				"${PODS_PODFILE_DIR_PATH}/Podfile.lock",
				"${PODS_ROOT}/Manifest.lock",
			);
			name = "[CP] Check Pods Manifest.lock";
			outputFileListPaths = (
			);
			outputPaths = (
				"$(DERIVED_FILE_DIR)/Pods-GDSwift-checkManifestLockResult.txt",
			);
			runOnlyForDeploymentPostprocessing = 0;
			shellPath = /bin/sh;
			shellScript = "diff \"${PODS_PODFILE_DIR_PATH}/Podfile.lock\" \"${PODS_ROOT}/Manifest.lock\" > /dev/null\nif [ $? != 0 ] ; then\n    # print error to STDERR\n    echo \"error: The sandbox is not in sync with the Podfile.lock. Run 'pod install' or update your CocoaPods installation.\" >&2\n    exit 1\nfi\n# This output is used by Xcode 'outputs' to avoid re-running this script phase.\necho \"SUCCESS\" > \"${SCRIPT_OUTPUT_FILE_0}\"\n";
			showEnvVarsInLog = 0;
		};
		ECC300BC958FA37AEFE91013 /* [CP] Check Pods Manifest.lock */ = {
			isa = PBXShellScriptBuildPhase;
			buildActionMask = 2147483647;
			files = (
			);
			inputFileListPaths = (
			);
			inputPaths = (
				"${PODS_PODFILE_DIR_PATH}/Podfile.lock",
				"${PODS_ROOT}/Manifest.lock",
			);
			name = "[CP] Check Pods Manifest.lock";
			outputFileListPaths = (
			);
			outputPaths = (
				"$(DERIVED_FILE_DIR)/Pods-GDSwift_Example-checkManifestLockResult.txt",
			);
			runOnlyForDeploymentPostprocessing = 0;
			shellPath = /bin/sh;
			shellScript = "diff \"${PODS_PODFILE_DIR_PATH}/Podfile.lock\" \"${PODS_ROOT}/Manifest.lock\" > /dev/null\nif [ $? != 0 ] ; then\n    # print error to STDERR\n    echo \"error: The sandbox is not in sync with the Podfile.lock. Run 'pod install' or update your CocoaPods installation.\" >&2\n    exit 1\nfi\n# This output is used by Xcode 'outputs' to avoid re-running this script phase.\necho \"SUCCESS\" > \"${SCRIPT_OUTPUT_FILE_0}\"\n";
			showEnvVarsInLog = 0;
		};
/* End PBXShellScriptBuildPhase section */

/* Begin PBXSourcesBuildPhase section */
		18FDCA912602521800840378 /* Sources */ = {
			isa = PBXSourcesBuildPhase;
			buildActionMask = 2147483647;
			files = (
				18FDCA982602521800840378 /* GDSwift_Tests.swift in Sources */,
			);
			runOnlyForDeploymentPostprocessing = 0;
		};
		607FACCC1AFB9204008FA782 /* Sources */ = {
			isa = PBXSourcesBuildPhase;
			buildActionMask = 2147483647;
			files = (
				18FDC9B22602309C00840378 /* ViewController.swift in Sources */,
				18FDC9B32602309C00840378 /* BaseViewController.swift in Sources */,
				1888629A2606BD6A00863269 /* PhotoDemoViewController.swift in Sources */,
				18FDC9B02602309C00840378 /* AppDelegate.swift in Sources */,
			);
			runOnlyForDeploymentPostprocessing = 0;
		};
		FD846F6A2233AF970038A715 /* Sources */ = {
			isa = PBXSourcesBuildPhase;
			buildActionMask = 2147483647;
			files = (
				188862752606362000863269 /* Logger.swift in Sources */,
				18886268260632AA00863269 /* UIImageView+Extension.swift in Sources */,
				18FDCA66260241CD00840378 /* String+Extension.swift in Sources */,
				185D063826062D5800DA0BEF /* GDPhotoPreviewViewController.swift in Sources */,
				18FDCA4E2602412300840378 /* UITextfield+Extension.swift in Sources */,
				185D063526062D5800DA0BEF /* GDPhotoPreviewDeleteViewController.swift in Sources */,
				185D05FD2606285500DA0BEF /* GDBaseViewController.swift in Sources */,
				18FDCA5A2602416F00840378 /* GDConstantAndMacro.swift in Sources */,
				18736D2626071A5900206170 /* CharacterSet+Extension.swift in Sources */,
				18736DD026075A4100206170 /* GDWebViewController.swift in Sources */,
				185D062726062D5800DA0BEF /* GDProgressView.swift in Sources */,
				185D063926062D5800DA0BEF /* GDCachingImageManager.swift in Sources */,
				185D063326062D5800DA0BEF /* GDPhotoAlbumViewController.swift in Sources */,
				18FDCA4A2602411200840378 /* UILabel+Extension.swift in Sources */,
				1888629E2606C65800863269 /* UIButton+Extension.swift in Sources */,
				18736D122606E95500206170 /* GDCache.swift in Sources */,
				185D063226062D5800DA0BEF /* GDPhotoAlbumListViewController.swift in Sources */,
				18FDCA62260241A200840378 /* GDSecurityTools.swift in Sources */,
				18736DC22607593300206170 /* GDNavigator.swift in Sources */,
				188862A22606C74800863269 /* GDBaseView.swift in Sources */,
				185D063426062D5800DA0BEF /* GDPhotoClipViewController.swift in Sources */,
				188862892606469800863269 /* GDCapturePhotoBaseViewController.swift in Sources */,
				185D062826062D5800DA0BEF /* GDPreviewCollectionViewCell.swift in Sources */,
				188862702606336600863269 /* GDCommonTools.swift in Sources */,
				18FDCA522602413600840378 /* GDTheme.swift in Sources */,
				188862A62606CBFC00863269 /* UIViewController+Extension.swift in Sources */,
				185D05C9260615D200DA0BEF /* GDEnvConfig.swift in Sources */,
				185D06032606286F00DA0BEF /* GDBaseNavigationController.swift in Sources */,
				18736D5926074A8700206170 /* GDParameterEncoding.swift in Sources */,
				18736DDB26075BD600206170 /* Foundation+Extension.swift in Sources */,
				185D063726062D5800DA0BEF /* GDPhotoBaseViewController.swift in Sources */,
				1888627B260642C000863269 /* UIColor+Extension.swift in Sources */,
				188862852606454D00863269 /* GDFakeNavigationBar.swift in Sources */,
				18736D1E2606F2CD00206170 /* Protected.swift in Sources */,
				18736D5F26074BF900206170 /* NSNumber+Extension.swift in Sources */,
				18FDCA742602426200840378 /* GDPopView.swift in Sources */,
				188862642606321800863269 /* UIImage+Extension.swift in Sources */,
				18736D732607539200206170 /* UIEdgeInsets+Extension.swift in Sources */,
				18736D162606E9A700206170 /* GDCacheable.swift in Sources */,
				185D062926062D5800DA0BEF /* GDPhotoCollectionViewCell.swift in Sources */,
				18FDCA562602415C00840378 /* GDLanguageLocalize.swift in Sources */,
				18736D0E2606E8F800206170 /* UIApplication+Extension.swift in Sources */,
				18736D2226071A4A00206170 /* Array+Extension.swift in Sources */,
				188862812606447600863269 /* CALayer+Extension.swift in Sources */,
				185D063626062D5800DA0BEF /* GDPhotoNavigationViewController.swift in Sources */,
				185D062626062D5800DA0BEF /* GDPhotoData.swift in Sources */,
				18FDCA432602410300840378 /* UIView+Extension.swift in Sources */,
				18A516212602EAF900425CC6 /* GD.generated.swift in Sources */,
			);
			runOnlyForDeploymentPostprocessing = 0;
		};
/* End PBXSourcesBuildPhase section */

/* Begin PBXTargetDependency section */
		18FDCA9C2602521800840378 /* PBXTargetDependency */ = {
			isa = PBXTargetDependency;
			target = FD846F6D2233AF970038A715 /* GDSwift */;
			targetProxy = 18FDCA9B2602521800840378 /* PBXContainerItemProxy */;
		};
		18FDCAA52602527700840378 /* PBXTargetDependency */ = {
			isa = PBXTargetDependency;
			target = 607FACCF1AFB9204008FA782 /* GDSwift_Example */;
			targetProxy = 18FDCAA42602527700840378 /* PBXContainerItemProxy */;
		};
/* End PBXTargetDependency section */

/* Begin PBXVariantGroup section */
		18FDC9A12602309C00840378 /* LaunchScreen.xib */ = {
			isa = PBXVariantGroup;
			children = (
				18FDC9A22602309C00840378 /* Base */,
			);
			name = LaunchScreen.xib;
			sourceTree = "<group>";
		};
		18FDC9A32602309C00840378 /* Main.storyboard */ = {
			isa = PBXVariantGroup;
			children = (
				18FDC9A42602309C00840378 /* Base */,
			);
			name = Main.storyboard;
			sourceTree = "<group>";
		};
/* End PBXVariantGroup section */

/* Begin XCBuildConfiguration section */
		18FDCA9E2602521800840378 /* Debug */ = {
			isa = XCBuildConfiguration;
			baseConfigurationReference = 7EFD5E485985332D2B3DD289 /* Pods-GDSwift_Tests.debug.xcconfig */;
			buildSettings = {
				CLANG_ANALYZER_NONNULL = YES;
				CLANG_ANALYZER_NUMBER_OBJECT_CONVERSION = YES_AGGRESSIVE;
				CLANG_CXX_LANGUAGE_STANDARD = "gnu++14";
				CLANG_ENABLE_OBJC_WEAK = YES;
				CLANG_WARN_DEPRECATED_OBJC_IMPLEMENTATIONS = YES;
				CLANG_WARN_DOCUMENTATION_COMMENTS = YES;
				CLANG_WARN_OBJC_IMPLICIT_RETAIN_SELF = YES;
				CLANG_WARN_QUOTED_INCLUDE_IN_FRAMEWORK_HEADER = YES;
				CLANG_WARN_UNGUARDED_AVAILABILITY = YES_AGGRESSIVE;
				CODE_SIGN_STYLE = Automatic;
				DEBUG_INFORMATION_FORMAT = dwarf;
				GCC_C_LANGUAGE_STANDARD = gnu11;
				INFOPLIST_FILE = GDSwift_Tests/Info.plist;
				IPHONEOS_DEPLOYMENT_TARGET = 14.4;
				LD_RUNPATH_SEARCH_PATHS = "$(inherited) @executable_path/Frameworks @loader_path/Frameworks";
				MTL_ENABLE_DEBUG_INFO = INCLUDE_SOURCE;
				MTL_FAST_MATH = YES;
				PRODUCT_BUNDLE_IDENTIFIER = "www.huishoubao.com.RecycleUserCo.GDSwift-Tests";
				PRODUCT_NAME = "$(TARGET_NAME)";
				SWIFT_ACTIVE_COMPILATION_CONDITIONS = DEBUG;
				SWIFT_VERSION = 5.0;
				TARGETED_DEVICE_FAMILY = "1,2";
			};
			name = Debug;
		};
		18FDCA9F2602521800840378 /* Release */ = {
			isa = XCBuildConfiguration;
			baseConfigurationReference = BED7D1FD7DCB9E13F07026A7 /* Pods-GDSwift_Tests.release.xcconfig */;
			buildSettings = {
				CLANG_ANALYZER_NONNULL = YES;
				CLANG_ANALYZER_NUMBER_OBJECT_CONVERSION = YES_AGGRESSIVE;
				CLANG_CXX_LANGUAGE_STANDARD = "gnu++14";
				CLANG_ENABLE_OBJC_WEAK = YES;
				CLANG_WARN_DEPRECATED_OBJC_IMPLEMENTATIONS = YES;
				CLANG_WARN_DOCUMENTATION_COMMENTS = YES;
				CLANG_WARN_OBJC_IMPLICIT_RETAIN_SELF = YES;
				CLANG_WARN_QUOTED_INCLUDE_IN_FRAMEWORK_HEADER = YES;
				CLANG_WARN_UNGUARDED_AVAILABILITY = YES_AGGRESSIVE;
				CODE_SIGN_STYLE = Automatic;
				GCC_C_LANGUAGE_STANDARD = gnu11;
				INFOPLIST_FILE = GDSwift_Tests/Info.plist;
				IPHONEOS_DEPLOYMENT_TARGET = 14.4;
				LD_RUNPATH_SEARCH_PATHS = "$(inherited) @executable_path/Frameworks @loader_path/Frameworks";
				MTL_FAST_MATH = YES;
				PRODUCT_BUNDLE_IDENTIFIER = "www.huishoubao.com.RecycleUserCo.GDSwift-Tests";
				PRODUCT_NAME = "$(TARGET_NAME)";
				SWIFT_VERSION = 5.0;
				TARGETED_DEVICE_FAMILY = "1,2";
			};
			name = Release;
		};
		607FACED1AFB9204008FA782 /* Debug */ = {
			isa = XCBuildConfiguration;
			buildSettings = {
				ALWAYS_SEARCH_USER_PATHS = NO;
				CLANG_CXX_LANGUAGE_STANDARD = "gnu++0x";
				CLANG_CXX_LIBRARY = "libc++";
				CLANG_ENABLE_MODULES = YES;
				CLANG_ENABLE_OBJC_ARC = YES;
				CLANG_WARN_BLOCK_CAPTURE_AUTORELEASING = YES;
				CLANG_WARN_BOOL_CONVERSION = YES;
				CLANG_WARN_COMMA = YES;
				CLANG_WARN_CONSTANT_CONVERSION = YES;
				CLANG_WARN_DIRECT_OBJC_ISA_USAGE = YES_ERROR;
				CLANG_WARN_EMPTY_BODY = YES;
				CLANG_WARN_ENUM_CONVERSION = YES;
				CLANG_WARN_INFINITE_RECURSION = YES;
				CLANG_WARN_INT_CONVERSION = YES;
				CLANG_WARN_NON_LITERAL_NULL_CONVERSION = YES;
				CLANG_WARN_OBJC_LITERAL_CONVERSION = YES;
				CLANG_WARN_OBJC_ROOT_CLASS = YES_ERROR;
				CLANG_WARN_RANGE_LOOP_ANALYSIS = YES;
				CLANG_WARN_STRICT_PROTOTYPES = YES;
				CLANG_WARN_SUSPICIOUS_MOVE = YES;
				CLANG_WARN_UNREACHABLE_CODE = YES;
				CLANG_WARN__DUPLICATE_METHOD_MATCH = YES;
				"CODE_SIGN_IDENTITY[sdk=iphoneos*]" = "iPhone Developer";
				COPY_PHASE_STRIP = NO;
				DEBUG_INFORMATION_FORMAT = "dwarf-with-dsym";
				ENABLE_STRICT_OBJC_MSGSEND = YES;
				ENABLE_TESTABILITY = YES;
				GCC_C_LANGUAGE_STANDARD = gnu99;
				GCC_DYNAMIC_NO_PIC = NO;
				GCC_NO_COMMON_BLOCKS = YES;
				GCC_OPTIMIZATION_LEVEL = 0;
				GCC_PREPROCESSOR_DEFINITIONS = (
					"DEBUG=1",
					"$(inherited)",
				);
				GCC_SYMBOLS_PRIVATE_EXTERN = NO;
				GCC_WARN_64_TO_32_BIT_CONVERSION = YES;
				GCC_WARN_ABOUT_RETURN_TYPE = YES_ERROR;
				GCC_WARN_UNDECLARED_SELECTOR = YES;
				GCC_WARN_UNINITIALIZED_AUTOS = YES_AGGRESSIVE;
				GCC_WARN_UNUSED_FUNCTION = YES;
				GCC_WARN_UNUSED_VARIABLE = YES;
				IPHONEOS_DEPLOYMENT_TARGET = 10.0;
				MTL_ENABLE_DEBUG_INFO = YES;
				ONLY_ACTIVE_ARCH = YES;
				SDKROOT = iphoneos;
				SWIFT_OPTIMIZATION_LEVEL = "-Onone";
			};
			name = Debug;
		};
		607FACEE1AFB9204008FA782 /* Release */ = {
			isa = XCBuildConfiguration;
			buildSettings = {
				ALWAYS_SEARCH_USER_PATHS = NO;
				CLANG_CXX_LANGUAGE_STANDARD = "gnu++0x";
				CLANG_CXX_LIBRARY = "libc++";
				CLANG_ENABLE_MODULES = YES;
				CLANG_ENABLE_OBJC_ARC = YES;
				CLANG_WARN_BLOCK_CAPTURE_AUTORELEASING = YES;
				CLANG_WARN_BOOL_CONVERSION = YES;
				CLANG_WARN_COMMA = YES;
				CLANG_WARN_CONSTANT_CONVERSION = YES;
				CLANG_WARN_DIRECT_OBJC_ISA_USAGE = YES_ERROR;
				CLANG_WARN_EMPTY_BODY = YES;
				CLANG_WARN_ENUM_CONVERSION = YES;
				CLANG_WARN_INFINITE_RECURSION = YES;
				CLANG_WARN_INT_CONVERSION = YES;
				CLANG_WARN_NON_LITERAL_NULL_CONVERSION = YES;
				CLANG_WARN_OBJC_LITERAL_CONVERSION = YES;
				CLANG_WARN_OBJC_ROOT_CLASS = YES_ERROR;
				CLANG_WARN_RANGE_LOOP_ANALYSIS = YES;
				CLANG_WARN_STRICT_PROTOTYPES = YES;
				CLANG_WARN_SUSPICIOUS_MOVE = YES;
				CLANG_WARN_UNREACHABLE_CODE = YES;
				CLANG_WARN__DUPLICATE_METHOD_MATCH = YES;
				"CODE_SIGN_IDENTITY[sdk=iphoneos*]" = "iPhone Developer";
				COPY_PHASE_STRIP = NO;
				DEBUG_INFORMATION_FORMAT = "dwarf-with-dsym";
				ENABLE_NS_ASSERTIONS = NO;
				ENABLE_STRICT_OBJC_MSGSEND = YES;
				GCC_C_LANGUAGE_STANDARD = gnu99;
				GCC_NO_COMMON_BLOCKS = YES;
				GCC_WARN_64_TO_32_BIT_CONVERSION = YES;
				GCC_WARN_ABOUT_RETURN_TYPE = YES_ERROR;
				GCC_WARN_UNDECLARED_SELECTOR = YES;
				GCC_WARN_UNINITIALIZED_AUTOS = YES_AGGRESSIVE;
				GCC_WARN_UNUSED_FUNCTION = YES;
				GCC_WARN_UNUSED_VARIABLE = YES;
				IPHONEOS_DEPLOYMENT_TARGET = 10.0;
				MTL_ENABLE_DEBUG_INFO = NO;
				SDKROOT = iphoneos;
				SWIFT_OPTIMIZATION_LEVEL = "-Owholemodule";
				VALIDATE_PRODUCT = YES;
			};
			name = Release;
		};
		607FACF01AFB9204008FA782 /* Debug */ = {
			isa = XCBuildConfiguration;
			baseConfigurationReference = F720910C5EC6243CCE6D99BA /* Pods-GDSwift_Example.debug.xcconfig */;
			buildSettings = {
				ASSETCATALOG_COMPILER_APPICON_NAME = AppIcon;
				CODE_SIGN_IDENTITY = "Apple Development";
				CODE_SIGN_STYLE = Automatic;
				DEVELOPMENT_TEAM = GKW57RJB7W;
				FRAMEWORK_SEARCH_PATHS = (
					"$(inherited)",
					"$(PROJECT_DIR)/Carthage/Build/iOS",
				);
				INFOPLIST_FILE = Example/Info.plist;
				IPHONEOS_DEPLOYMENT_TARGET = 10.0;
				LD_RUNPATH_SEARCH_PATHS = "$(inherited) @executable_path/Frameworks";
				MARKETING_VERSION = 0.0.2;
				MODULE_NAME = ExampleApp;
				OTHER_SWIFT_FLAGS = "$(inherited) -D DEBUG";
				PRODUCT_BUNDLE_IDENTIFIER = com.huishoubao.HuishoubaoCAppCo;
				PRODUCT_NAME = "$(TARGET_NAME)";
				PROVISIONING_PROFILE = "";
				PROVISIONING_PROFILE_SPECIFIER = "";
				SWIFT_SWIFT3_OBJC_INFERENCE = Default;
				SWIFT_VERSION = 5.0;
			};
			name = Debug;
		};
		607FACF11AFB9204008FA782 /* Release */ = {
			isa = XCBuildConfiguration;
			baseConfigurationReference = 4F377A2A2E972B2C69544FF7 /* Pods-GDSwift_Example.release.xcconfig */;
			buildSettings = {
				ASSETCATALOG_COMPILER_APPICON_NAME = AppIcon;
				CODE_SIGN_IDENTITY = "Apple Development";
				CODE_SIGN_STYLE = Automatic;
				DEVELOPMENT_TEAM = GKW57RJB7W;
				FRAMEWORK_SEARCH_PATHS = (
					"$(inherited)",
					"$(PROJECT_DIR)/Carthage/Build/iOS",
				);
				INFOPLIST_FILE = Example/Info.plist;
				IPHONEOS_DEPLOYMENT_TARGET = 10.0;
				LD_RUNPATH_SEARCH_PATHS = "$(inherited) @executable_path/Frameworks";
				MARKETING_VERSION = 0.0.2;
				MODULE_NAME = ExampleApp;
				OTHER_SWIFT_FLAGS = "$(inherited)";
				PRODUCT_BUNDLE_IDENTIFIER = com.huishoubao.HuishoubaoCAppCo;
				PRODUCT_NAME = "$(TARGET_NAME)";
				PROVISIONING_PROFILE_SPECIFIER = "";
				SWIFT_SWIFT3_OBJC_INFERENCE = Default;
				SWIFT_VERSION = 5.0;
			};
			name = Release;
		};
		FD846F742233AF970038A715 /* Debug */ = {
			isa = XCBuildConfiguration;
			baseConfigurationReference = 1622AF67DA9A45A65CAA8231 /* Pods-GDSwift.debug.xcconfig */;
			buildSettings = {
				CLANG_ANALYZER_NONNULL = YES;
				CLANG_ANALYZER_NUMBER_OBJECT_CONVERSION = YES_AGGRESSIVE;
				CLANG_CXX_LANGUAGE_STANDARD = "gnu++14";
				CLANG_ENABLE_MODULES = YES;
				CLANG_ENABLE_OBJC_WEAK = YES;
				CLANG_WARN_DEPRECATED_OBJC_IMPLEMENTATIONS = YES;
				CLANG_WARN_DOCUMENTATION_COMMENTS = YES;
				CLANG_WARN_OBJC_IMPLICIT_RETAIN_SELF = YES;
				CLANG_WARN_UNGUARDED_AVAILABILITY = YES_AGGRESSIVE;
				CODE_SIGN_IDENTITY = "iPhone Developer";
				CODE_SIGN_STYLE = Manual;
				CURRENT_PROJECT_VERSION = 1;
				DEBUG_INFORMATION_FORMAT = dwarf;
				DEFINES_MODULE = YES;
				DEVELOPMENT_TEAM = "";
				DYLIB_COMPATIBILITY_VERSION = 1;
				DYLIB_CURRENT_VERSION = 1;
				DYLIB_INSTALL_NAME_BASE = "@rpath";
				ENABLE_BITCODE = NO;
				FRAMEWORK_SEARCH_PATHS = (
					"$(inherited)",
					"$(PROJECT_DIR)/Carthage/Build/iOS",
				);
				GCC_C_LANGUAGE_STANDARD = gnu11;
				INFOPLIST_FILE = "$(SRCROOT)/GDSwift/Supporting Files/Info.plist";
				INSTALL_PATH = "$(LOCAL_LIBRARY_DIR)/Frameworks";
				IPHONEOS_DEPLOYMENT_TARGET = 10.0;
				LD_RUNPATH_SEARCH_PATHS = "$(inherited) @executable_path/Frameworks @loader_path/Frameworks";
				MARKETING_VERSION = 0.0.1;
				MTL_ENABLE_DEBUG_INFO = INCLUDE_SOURCE;
				MTL_FAST_MATH = YES;
				OTHER_CFLAGS = "-fembed-bitcode";
				PRODUCT_BUNDLE_IDENTIFIER = com.lxf.MoyaMapper;
				PRODUCT_NAME = "$(TARGET_NAME:c99extidentifier)";
				PROVISIONING_PROFILE_SPECIFIER = "";
				SKIP_INSTALL = YES;
				SUPPORTS_MACCATALYST = NO;
				SWIFT_ACTIVE_COMPILATION_CONDITIONS = DEBUG;
				SWIFT_OPTIMIZATION_LEVEL = "-Onone";
				SWIFT_VERSION = 4.2;
				TARGETED_DEVICE_FAMILY = 1;
				VERSIONING_SYSTEM = "apple-generic";
				VERSION_INFO_PREFIX = "";
			};
			name = Debug;
		};
		FD846F752233AF970038A715 /* Release */ = {
			isa = XCBuildConfiguration;
			baseConfigurationReference = 02A33E58879E1CFFC6F2C422 /* Pods-GDSwift.release.xcconfig */;
			buildSettings = {
				CLANG_ANALYZER_NONNULL = YES;
				CLANG_ANALYZER_NUMBER_OBJECT_CONVERSION = YES_AGGRESSIVE;
				CLANG_CXX_LANGUAGE_STANDARD = "gnu++14";
				CLANG_ENABLE_MODULES = YES;
				CLANG_ENABLE_OBJC_WEAK = YES;
				CLANG_WARN_DEPRECATED_OBJC_IMPLEMENTATIONS = YES;
				CLANG_WARN_DOCUMENTATION_COMMENTS = YES;
				CLANG_WARN_OBJC_IMPLICIT_RETAIN_SELF = YES;
				CLANG_WARN_UNGUARDED_AVAILABILITY = YES_AGGRESSIVE;
				CODE_SIGN_IDENTITY = "iPhone Developer";
				CODE_SIGN_STYLE = Manual;
				CURRENT_PROJECT_VERSION = 1;
				DEFINES_MODULE = YES;
				DEVELOPMENT_TEAM = "";
				DYLIB_COMPATIBILITY_VERSION = 1;
				DYLIB_CURRENT_VERSION = 1;
				DYLIB_INSTALL_NAME_BASE = "@rpath";
				ENABLE_BITCODE = NO;
				FRAMEWORK_SEARCH_PATHS = (
					"$(inherited)",
					"$(PROJECT_DIR)/Carthage/Build/iOS",
				);
				GCC_C_LANGUAGE_STANDARD = gnu11;
				INFOPLIST_FILE = "$(SRCROOT)/GDSwift/Supporting Files/Info.plist";
				INSTALL_PATH = "$(LOCAL_LIBRARY_DIR)/Frameworks";
				IPHONEOS_DEPLOYMENT_TARGET = 10.0;
				LD_RUNPATH_SEARCH_PATHS = "$(inherited) @executable_path/Frameworks @loader_path/Frameworks";
				MARKETING_VERSION = 0.0.1;
				MTL_FAST_MATH = YES;
				OTHER_CFLAGS = "-fembed-bitcode";
				PRODUCT_BUNDLE_IDENTIFIER = com.lxf.MoyaMapper;
				PRODUCT_NAME = "$(TARGET_NAME:c99extidentifier)";
				PROVISIONING_PROFILE_SPECIFIER = "";
				SKIP_INSTALL = YES;
				SUPPORTS_MACCATALYST = NO;
				SWIFT_VERSION = 4.2;
				TARGETED_DEVICE_FAMILY = 1;
				VERSIONING_SYSTEM = "apple-generic";
				VERSION_INFO_PREFIX = "";
			};
			name = Release;
		};
/* End XCBuildConfiguration section */

/* Begin XCConfigurationList section */
		18FDCA9D2602521800840378 /* Build configuration list for PBXNativeTarget "GDSwift_Tests" */ = {
			isa = XCConfigurationList;
			buildConfigurations = (
				18FDCA9E2602521800840378 /* Debug */,
				18FDCA9F2602521800840378 /* Release */,
			);
			defaultConfigurationIsVisible = 0;
			defaultConfigurationName = Release;
		};
		607FACCB1AFB9204008FA782 /* Build configuration list for PBXProject "GDSwift" */ = {
			isa = XCConfigurationList;
			buildConfigurations = (
				607FACED1AFB9204008FA782 /* Debug */,
				607FACEE1AFB9204008FA782 /* Release */,
			);
			defaultConfigurationIsVisible = 0;
			defaultConfigurationName = Release;
		};
		607FACEF1AFB9204008FA782 /* Build configuration list for PBXNativeTarget "GDSwift_Example" */ = {
			isa = XCConfigurationList;
			buildConfigurations = (
				607FACF01AFB9204008FA782 /* Debug */,
				607FACF11AFB9204008FA782 /* Release */,
			);
			defaultConfigurationIsVisible = 0;
			defaultConfigurationName = Release;
		};
		FD846F732233AF970038A715 /* Build configuration list for PBXNativeTarget "GDSwift" */ = {
			isa = XCConfigurationList;
			buildConfigurations = (
				FD846F742233AF970038A715 /* Debug */,
				FD846F752233AF970038A715 /* Release */,
			);
			defaultConfigurationIsVisible = 0;
			defaultConfigurationName = Release;
		};
/* End XCConfigurationList section */
	};
	rootObject = 607FACC81AFB9204008FA782 /* Project object */;
}
