PODS:
  - GDSwift (0.0.1):
    - GDSwift/Core (= 0.0.1)
  - GDSwift/Core (0.0.1)
  - MBProgressHUD (1.2.0)
  - SnapKit (4.2.0)

DEPENDENCIES:
  - GDSwift (from `./`)
  - MBProgressHUD
  - SnapKit

SPEC REPOS:
  trunk:
    - MBProgressHUD
    - SnapKit

EXTERNAL SOURCES:
  GDSwift:
    :path: "./"

SPEC CHECKSUMS:
  GDSwift: 8d17bec02af790f12108f407009ee6c09cc03046
  MBProgressHUD: 3ee5efcc380f6a79a7cc9b363dd669c5e1ae7406
  SnapKit: fe8a619752f3f27075cc9a90244d75c6c3f27e2a

PODFILE CHECKSUM: 24c95af33c308ebd05e2b77d5fe82400c6f5f60c

COCOAPODS: 1.10.1
