PODS:
  - GDSwift (0.0.1):
    - GDSwift/Core (= 0.0.1)
  - GDSwift/Core (0.0.1)
  - SnapKit (4.2.0)

DEPENDENCIES:
  - GDSwift (from `./`)
  - SnapKit

SPEC REPOS:
  trunk:
    - SnapKit

EXTERNAL SOURCES:
  GDSwift:
    :path: "./"

SPEC CHECKSUMS:
  GDSwift: 984b26f3667cf814f5cc77f0987a106f6a943d8c
  SnapKit: fe8a619752f3f27075cc9a90244d75c6c3f27e2a

PODFILE CHECKSUM: 0c5330d18622f5e5bdd8d10afb50580d0ac6d981

COCOAPODS: 1.9.3
